
Microsoft Visual Studio Solution File, Format Version 12.00
# Visual Studio Version 16
VisualStudioVersion = 16.0.30804.86
MinimumVisualStudioVersion = 10.0.40219.1
Project("{FAE04EC0-301F-11D3-BF4B-00C04F79EFBC}") = "RRS", "RRS\RRS.csproj", "{16CA536C-1521-49C3-A527-F856AF4D396D}"
EndProject
Project("{FAE04EC0-301F-11D3-BF4B-00C04F79EFBC}") = "RRS_Client", "RRS_Client\RRS_Client.csproj", "{C1569207-72D1-4E1A-BFE3-0C6F766212FE}"
EndProject
Project("{FAE04EC0-301F-11D3-BF4B-00C04F79EFBC}") = "WebAPIClient", "WebAPIClient\WebAPIClient.csproj", "{2D978E37-B123-4028-B1EC-A6F65855DE88}"
EndProject
Global
	GlobalSection(SolutionConfigurationPlatforms) = preSolution
		Debug|Any CPU = Debug|Any CPU
		Release|Any CPU = Release|Any CPU
	EndGlobalSection
	GlobalSection(ProjectConfigurationPlatforms) = postSolution
		{16CA536C-1521-49C3-A527-F856AF4D396D}.Debug|Any CPU.ActiveCfg = Debug|Any CPU
		{16CA536C-1521-49C3-A527-F856AF4D396D}.Debug|Any CPU.Build.0 = Debug|Any CPU
		{16CA536C-1521-49C3-A527-F856AF4D396D}.Release|Any CPU.ActiveCfg = Release|Any CPU
		{16CA536C-1521-49C3-A527-F856AF4D396D}.Release|Any CPU.Build.0 = Release|Any CPU
		{C1569207-72D1-4E1A-BFE3-0C6F766212FE}.Debug|Any CPU.ActiveCfg = Debug|Any CPU
		{C1569207-72D1-4E1A-BFE3-0C6F766212FE}.Debug|Any CPU.Build.0 = Debug|Any CPU
		{C1569207-72D1-4E1A-BFE3-0C6F766212FE}.Release|Any CPU.ActiveCfg = Release|Any CPU
		{C1569207-72D1-4E1A-BFE3-0C6F766212FE}.Release|Any CPU.Build.0 = Release|Any CPU
		{2D978E37-B123-4028-B1EC-A6F65855DE88}.Debug|Any CPU.ActiveCfg = Debug|Any CPU
		{2D978E37-B123-4028-B1EC-A6F65855DE88}.Debug|Any CPU.Build.0 = Debug|Any CPU
		{2D978E37-B123-4028-B1EC-A6F65855DE88}.Release|Any CPU.ActiveCfg = Release|Any CPU
		{2D978E37-B123-4028-B1EC-A6F65855DE88}.Release|Any CPU.Build.0 = Release|Any CPU
	EndGlobalSection
	GlobalSection(SolutionProperties) = preSolution
		HideSolutionNode = FALSE
	EndGlobalSection
	GlobalSection(ExtensibilityGlobals) = postSolution
		SolutionGuid = {9D6A8EF7-0DCC-4300-A5FC-CBB7826C881F}
	EndGlobalSection
EndGlobal
